
Microsoft Visual Studio Solution File, Format Version 12.00
# Visual Studio Version 17
VisualStudioVersion = 17.7.34024.191
MinimumVisualStudioVersion = 10.0.40219.1
Project("{8BC9CEB8-8B4A-11D0-8D11-00A0C91BC942}") = "分子量", "分子量\分子量.vcxproj", "{B2FA6E96-F46A-4945-ABB8-79E3AC77480C}"
EndProject
Global
	GlobalSection(SolutionConfigurationPlatforms) = preSolution
		Debug|x64 = Debug|x64
		Debug|x86 = Debug|x86
		Release|x64 = Release|x64
		Release|x86 = Release|x86
	EndGlobalSection
	GlobalSection(ProjectConfigurationPlatforms) = postSolution
		{B2FA6E96-F46A-4945-ABB8-79E3AC77480C}.Debug|x64.ActiveCfg = Debug|x64
		{B2FA6E96-F46A-4945-ABB8-79E3AC77480C}.Debug|x64.Build.0 = Debug|x64
		{B2FA6E96-F46A-4945-ABB8-79E3AC77480C}.Debug|x86.ActiveCfg = Debug|Win32
		{B2FA6E96-F46A-4945-ABB8-79E3AC77480C}.Debug|x86.Build.0 = Debug|Win32
		{B2FA6E96-F46A-4945-ABB8-79E3AC77480C}.Release|x64.ActiveCfg = Release|x64
		{B2FA6E96-F46A-4945-ABB8-79E3AC77480C}.Release|x64.Build.0 = Release|x64
		{B2FA6E96-F46A-4945-ABB8-79E3AC77480C}.Release|x86.ActiveCfg = Release|Win32
		{B2FA6E96-F46A-4945-ABB8-79E3AC77480C}.Release|x86.Build.0 = Release|Win32
	EndGlobalSection
	GlobalSection(SolutionProperties) = preSolution
		HideSolutionNode = FALSE
	EndGlobalSection
	GlobalSection(ExtensibilityGlobals) = postSolution
		SolutionGuid = {05E28D65-EB7B-4C67-BF20-430D8E6436D3}
	EndGlobalSection
EndGlobal
