
Microsoft Visual Studio Solution File, Format Version 12.00
# Visual Studio Version 17
VisualStudioVersion = 17.7.34024.191
MinimumVisualStudioVersion = 10.0.40219.1
Project("{8BC9CEB8-8B4A-11D0-8D11-00A0C91BC942}") = "Project10", "Project10\Project10.vcxproj", "{CE909537-AF3B-4416-83F7-64D19740768A}"
EndProject
Global
	GlobalSection(SolutionConfigurationPlatforms) = preSolution
		Debug|x64 = Debug|x64
		Debug|x86 = Debug|x86
		Release|x64 = Release|x64
		Release|x86 = Release|x86
	EndGlobalSection
	GlobalSection(ProjectConfigurationPlatforms) = postSolution
		{CE909537-AF3B-4416-83F7-64D19740768A}.Debug|x64.ActiveCfg = Debug|x64
		{CE909537-AF3B-4416-83F7-64D19740768A}.Debug|x64.Build.0 = Debug|x64
		{CE909537-AF3B-4416-83F7-64D19740768A}.Debug|x86.ActiveCfg = Debug|Win32
		{CE909537-AF3B-4416-83F7-64D19740768A}.Debug|x86.Build.0 = Debug|Win32
		{CE909537-AF3B-4416-83F7-64D19740768A}.Release|x64.ActiveCfg = Release|x64
		{CE909537-AF3B-4416-83F7-64D19740768A}.Release|x64.Build.0 = Release|x64
		{CE909537-AF3B-4416-83F7-64D19740768A}.Release|x86.ActiveCfg = Release|Win32
		{CE909537-AF3B-4416-83F7-64D19740768A}.Release|x86.Build.0 = Release|Win32
	EndGlobalSection
	GlobalSection(SolutionProperties) = preSolution
		HideSolutionNode = FALSE
	EndGlobalSection
	GlobalSection(ExtensibilityGlobals) = postSolution
		SolutionGuid = {34347471-2445-4767-82F4-8AD484AB7953}
	EndGlobalSection
EndGlobal
