
Microsoft Visual Studio Solution File, Format Version 12.00
# Visual Studio Version 17
VisualStudioVersion = 17.7.34024.191
MinimumVisualStudioVersion = 10.0.40219.1
Project("{8BC9CEB8-8B4A-11D0-8D11-00A0C91BC942}") = "ID卡校验", "ID卡校验\ID卡校验.vcxproj", "{48AAEBC8-2AB8-4904-AF01-5A169DCDB7DC}"
EndProject
Global
	GlobalSection(SolutionConfigurationPlatforms) = preSolution
		Debug|x64 = Debug|x64
		Debug|x86 = Debug|x86
		Release|x64 = Release|x64
		Release|x86 = Release|x86
	EndGlobalSection
	GlobalSection(ProjectConfigurationPlatforms) = postSolution
		{48AAEBC8-2AB8-4904-AF01-5A169DCDB7DC}.Debug|x64.ActiveCfg = Debug|x64
		{48AAEBC8-2AB8-4904-AF01-5A169DCDB7DC}.Debug|x64.Build.0 = Debug|x64
		{48AAEBC8-2AB8-4904-AF01-5A169DCDB7DC}.Debug|x86.ActiveCfg = Debug|Win32
		{48AAEBC8-2AB8-4904-AF01-5A169DCDB7DC}.Debug|x86.Build.0 = Debug|Win32
		{48AAEBC8-2AB8-4904-AF01-5A169DCDB7DC}.Release|x64.ActiveCfg = Release|x64
		{48AAEBC8-2AB8-4904-AF01-5A169DCDB7DC}.Release|x64.Build.0 = Release|x64
		{48AAEBC8-2AB8-4904-AF01-5A169DCDB7DC}.Release|x86.ActiveCfg = Release|Win32
		{48AAEBC8-2AB8-4904-AF01-5A169DCDB7DC}.Release|x86.Build.0 = Release|Win32
	EndGlobalSection
	GlobalSection(SolutionProperties) = preSolution
		HideSolutionNode = FALSE
	EndGlobalSection
	GlobalSection(ExtensibilityGlobals) = postSolution
		SolutionGuid = {77D29297-C3DF-4024-A8ED-E5323310D233}
	EndGlobalSection
EndGlobal
