
Microsoft Visual Studio Solution File, Format Version 12.00
# Visual Studio Version 17
VisualStudioVersion = 17.7.34024.191
MinimumVisualStudioVersion = 10.0.40219.1
Project("{8BC9CEB8-8B4A-11D0-8D11-00A0C91BC942}") = "买水", "买水\买水.vcxproj", "{EA5D120E-819A-4ACB-B384-9D328C46B40D}"
EndProject
Global
	GlobalSection(SolutionConfigurationPlatforms) = preSolution
		Debug|x64 = Debug|x64
		Debug|x86 = Debug|x86
		Release|x64 = Release|x64
		Release|x86 = Release|x86
	EndGlobalSection
	GlobalSection(ProjectConfigurationPlatforms) = postSolution
		{EA5D120E-819A-4ACB-B384-9D328C46B40D}.Debug|x64.ActiveCfg = Debug|x64
		{EA5D120E-819A-4ACB-B384-9D328C46B40D}.Debug|x64.Build.0 = Debug|x64
		{EA5D120E-819A-4ACB-B384-9D328C46B40D}.Debug|x86.ActiveCfg = Debug|Win32
		{EA5D120E-819A-4ACB-B384-9D328C46B40D}.Debug|x86.Build.0 = Debug|Win32
		{EA5D120E-819A-4ACB-B384-9D328C46B40D}.Release|x64.ActiveCfg = Release|x64
		{EA5D120E-819A-4ACB-B384-9D328C46B40D}.Release|x64.Build.0 = Release|x64
		{EA5D120E-819A-4ACB-B384-9D328C46B40D}.Release|x86.ActiveCfg = Release|Win32
		{EA5D120E-819A-4ACB-B384-9D328C46B40D}.Release|x86.Build.0 = Release|Win32
	EndGlobalSection
	GlobalSection(SolutionProperties) = preSolution
		HideSolutionNode = FALSE
	EndGlobalSection
	GlobalSection(ExtensibilityGlobals) = postSolution
		SolutionGuid = {DD592415-973E-408F-9E07-15B8EC409510}
	EndGlobalSection
EndGlobal
